
Microsoft Visual Studio Solution File, Format Version 12.00
# Visual Studio Version 17
VisualStudioVersion = 17.3.32804.467
MinimumVisualStudioVersion = 10.0.40219.1
Project("{FAE04EC0-301F-11D3-BF4B-00C04F79EFBC}") = "OOPIntroduction", "OOPIntroduction\OOPIntroduction.csproj", "{1916E3A7-3C47-4C62-8E81-87ACD1CE16C6}"
EndProject
Global
	GlobalSection(SolutionConfigurationPlatforms) = preSolution
		Debug|Any CPU = Debug|Any CPU
		Release|Any CPU = Release|Any CPU
	EndGlobalSection
	GlobalSection(ProjectConfigurationPlatforms) = postSolution
		{1916E3A7-3C47-4C62-8E81-87ACD1CE16C6}.Debug|Any CPU.ActiveCfg = Debug|Any CPU
		{1916E3A7-3C47-4C62-8E81-87ACD1CE16C6}.Debug|Any CPU.Build.0 = Debug|Any CPU
		{1916E3A7-3C47-4C62-8E81-87ACD1CE16C6}.Release|Any CPU.ActiveCfg = Release|Any CPU
		{1916E3A7-3C47-4C62-8E81-87ACD1CE16C6}.Release|Any CPU.Build.0 = Release|Any CPU
	EndGlobalSection
	GlobalSection(SolutionProperties) = preSolution
		HideSolutionNode = FALSE
	EndGlobalSection
	GlobalSection(ExtensibilityGlobals) = postSolution
		SolutionGuid = {14B02697-8F2F-447D-BA05-406C203B790E}
	EndGlobalSection
EndGlobal
